
Microsoft Visual Studio Solution File, Format Version 12.00
# Visual Studio Version 17
VisualStudioVersion = 17.10.35004.147
MinimumVisualStudioVersion = 10.0.40219.1
Project("{2150E333-8FDC-42A3-9474-1A3956D46DE8}") = "Creational", "Creational", "{CA9FB327-CAE7-4D64-B900-D9B6EB5B885F}"
EndProject
Project("{2150E333-8FDC-42A3-9474-1A3956D46DE8}") = "AbstractFactory", "AbstractFactory", "{6E799346-71D0-473A-A519-443A2A5D84E0}"
EndProject
Project("{9A19103F-16F7-4668-BE54-9A1E7A4F7556}") = "AbstractFactory", "AbstractFactory\AbstractFactory.csproj", "{2E6550C8-1E25-4CF4-B710-4A88324AE475}"
EndProject
Project("{2150E333-8FDC-42A3-9474-1A3956D46DE8}") = "src", "src", "{DAB8E9A9-8904-4086-896B-45E6AC7288DE}"
EndProject
Project("{2150E333-8FDC-42A3-9474-1A3956D46DE8}") = "tests", "tests", "{4121189C-F18A-4E5C-8029-374D322F81C5}"
EndProject
Project("{2150E333-8FDC-42A3-9474-1A3956D46DE8}") = "Creational", "Creational", "{313B3F67-70AA-418C-BE6D-AA57B2692653}"
EndProject
Project("{2150E333-8FDC-42A3-9474-1A3956D46DE8}") = "AbstractFactory", "AbstractFactory", "{18C24180-93D2-4D5C-9DCE-8B7D308C6D2A}"
EndProject
Project("{9A19103F-16F7-4668-BE54-9A1E7A4F7556}") = "AbstractFactory.Test", "AbstractFactory.Test\AbstractFactory.Test.csproj", "{938B88E1-F766-4567-BA78-C0F438125C75}"
EndProject
Project("{2150E333-8FDC-42A3-9474-1A3956D46DE8}") = "Factory", "Factory", "{9D213B6F-AE20-4A8E-B54E-9ACF7163838B}"
EndProject
Project("{9A19103F-16F7-4668-BE54-9A1E7A4F7556}") = "Factory.Test", "Factory.Test\Factory.Test.csproj", "{91ADF793-1F9A-4D50-AF3A-13F0822E7622}"
EndProject
Project("{2150E333-8FDC-42A3-9474-1A3956D46DE8}") = "Factory", "Factory", "{C2E7FE0E-A319-4F26-82F4-71D7F12F676C}"
EndProject
Project("{9A19103F-16F7-4668-BE54-9A1E7A4F7556}") = "Factory", "Factory\Factory.csproj", "{92052731-FEEF-48B3-B992-0D95BCA4383D}"
EndProject
Project("{2150E333-8FDC-42A3-9474-1A3956D46DE8}") = "Builder", "Builder", "{C7E239CE-9F5E-4908-84CD-CA92DB69243C}"
EndProject
Project("{FAE04EC0-301F-11D3-BF4B-00C04F79EFBC}") = "Builder", "Builder\Builder.csproj", "{0E65C74E-71E2-4F66-B180-CF4243F7F543}"
EndProject
Project("{2150E333-8FDC-42A3-9474-1A3956D46DE8}") = "Builder", "Builder", "{3333E08A-4408-480E-83B3-6001E2A01549}"
EndProject
Project("{FAE04EC0-301F-11D3-BF4B-00C04F79EFBC}") = "Builder.Test", "Builder.Test\Builder.Test.csproj", "{1D9CF522-815A-4CED-B86F-05BCB4CD9CE4}"
EndProject
Global
	GlobalSection(SolutionConfigurationPlatforms) = preSolution
		Debug|Any CPU = Debug|Any CPU
		Release|Any CPU = Release|Any CPU
	EndGlobalSection
	GlobalSection(ProjectConfigurationPlatforms) = postSolution
		{2E6550C8-1E25-4CF4-B710-4A88324AE475}.Debug|Any CPU.ActiveCfg = Debug|Any CPU
		{2E6550C8-1E25-4CF4-B710-4A88324AE475}.Debug|Any CPU.Build.0 = Debug|Any CPU
		{2E6550C8-1E25-4CF4-B710-4A88324AE475}.Release|Any CPU.ActiveCfg = Release|Any CPU
		{2E6550C8-1E25-4CF4-B710-4A88324AE475}.Release|Any CPU.Build.0 = Release|Any CPU
		{938B88E1-F766-4567-BA78-C0F438125C75}.Debug|Any CPU.ActiveCfg = Debug|Any CPU
		{938B88E1-F766-4567-BA78-C0F438125C75}.Debug|Any CPU.Build.0 = Debug|Any CPU
		{938B88E1-F766-4567-BA78-C0F438125C75}.Release|Any CPU.ActiveCfg = Release|Any CPU
		{938B88E1-F766-4567-BA78-C0F438125C75}.Release|Any CPU.Build.0 = Release|Any CPU
		{91ADF793-1F9A-4D50-AF3A-13F0822E7622}.Debug|Any CPU.ActiveCfg = Debug|Any CPU
		{91ADF793-1F9A-4D50-AF3A-13F0822E7622}.Debug|Any CPU.Build.0 = Debug|Any CPU
		{91ADF793-1F9A-4D50-AF3A-13F0822E7622}.Release|Any CPU.ActiveCfg = Release|Any CPU
		{91ADF793-1F9A-4D50-AF3A-13F0822E7622}.Release|Any CPU.Build.0 = Release|Any CPU
		{92052731-FEEF-48B3-B992-0D95BCA4383D}.Debug|Any CPU.ActiveCfg = Debug|Any CPU
		{92052731-FEEF-48B3-B992-0D95BCA4383D}.Debug|Any CPU.Build.0 = Debug|Any CPU
		{92052731-FEEF-48B3-B992-0D95BCA4383D}.Release|Any CPU.ActiveCfg = Release|Any CPU
		{92052731-FEEF-48B3-B992-0D95BCA4383D}.Release|Any CPU.Build.0 = Release|Any CPU
		{0E65C74E-71E2-4F66-B180-CF4243F7F543}.Debug|Any CPU.ActiveCfg = Debug|Any CPU
		{0E65C74E-71E2-4F66-B180-CF4243F7F543}.Debug|Any CPU.Build.0 = Debug|Any CPU
		{0E65C74E-71E2-4F66-B180-CF4243F7F543}.Release|Any CPU.ActiveCfg = Release|Any CPU
		{0E65C74E-71E2-4F66-B180-CF4243F7F543}.Release|Any CPU.Build.0 = Release|Any CPU
		{1D9CF522-815A-4CED-B86F-05BCB4CD9CE4}.Debug|Any CPU.ActiveCfg = Debug|Any CPU
		{1D9CF522-815A-4CED-B86F-05BCB4CD9CE4}.Debug|Any CPU.Build.0 = Debug|Any CPU
		{1D9CF522-815A-4CED-B86F-05BCB4CD9CE4}.Release|Any CPU.ActiveCfg = Release|Any CPU
		{1D9CF522-815A-4CED-B86F-05BCB4CD9CE4}.Release|Any CPU.Build.0 = Release|Any CPU
	EndGlobalSection
	GlobalSection(SolutionProperties) = preSolution
		HideSolutionNode = FALSE
	EndGlobalSection
	GlobalSection(NestedProjects) = preSolution
		{CA9FB327-CAE7-4D64-B900-D9B6EB5B885F} = {DAB8E9A9-8904-4086-896B-45E6AC7288DE}
		{6E799346-71D0-473A-A519-443A2A5D84E0} = {CA9FB327-CAE7-4D64-B900-D9B6EB5B885F}
		{2E6550C8-1E25-4CF4-B710-4A88324AE475} = {6E799346-71D0-473A-A519-443A2A5D84E0}
		{313B3F67-70AA-418C-BE6D-AA57B2692653} = {4121189C-F18A-4E5C-8029-374D322F81C5}
		{18C24180-93D2-4D5C-9DCE-8B7D308C6D2A} = {313B3F67-70AA-418C-BE6D-AA57B2692653}
		{938B88E1-F766-4567-BA78-C0F438125C75} = {18C24180-93D2-4D5C-9DCE-8B7D308C6D2A}
		{9D213B6F-AE20-4A8E-B54E-9ACF7163838B} = {313B3F67-70AA-418C-BE6D-AA57B2692653}
		{91ADF793-1F9A-4D50-AF3A-13F0822E7622} = {9D213B6F-AE20-4A8E-B54E-9ACF7163838B}
		{C2E7FE0E-A319-4F26-82F4-71D7F12F676C} = {CA9FB327-CAE7-4D64-B900-D9B6EB5B885F}
		{92052731-FEEF-48B3-B992-0D95BCA4383D} = {C2E7FE0E-A319-4F26-82F4-71D7F12F676C}
		{C7E239CE-9F5E-4908-84CD-CA92DB69243C} = {CA9FB327-CAE7-4D64-B900-D9B6EB5B885F}
		{0E65C74E-71E2-4F66-B180-CF4243F7F543} = {C7E239CE-9F5E-4908-84CD-CA92DB69243C}
		{3333E08A-4408-480E-83B3-6001E2A01549} = {313B3F67-70AA-418C-BE6D-AA57B2692653}
		{1D9CF522-815A-4CED-B86F-05BCB4CD9CE4} = {3333E08A-4408-480E-83B3-6001E2A01549}
	EndGlobalSection
	GlobalSection(ExtensibilityGlobals) = postSolution
		SolutionGuid = {15B15AA6-E6B4-4817-A386-AF6063E68BB9}
	EndGlobalSection
EndGlobal
